
Microsoft Visual Studio Solution File, Format Version 12.00
# Visual Studio Version 16
VisualStudioVersion = 16.0.32228.547
MinimumVisualStudioVersion = 10.0.40219.1
Project("{FAE04EC0-301F-11D3-BF4B-00C04F79EFBC}") = "Copy Constructor", "Copy Constructor\Copy Constructor.csproj", "{1116A82F-80BC-4C6F-9EB4-29B988158D88}"
EndProject
Global
	GlobalSection(SolutionConfigurationPlatforms) = preSolution
		Debug|Any CPU = Debug|Any CPU
		Release|Any CPU = Release|Any CPU
	EndGlobalSection
	GlobalSection(ProjectConfigurationPlatforms) = postSolution
		{1116A82F-80BC-4C6F-9EB4-29B988158D88}.Debug|Any CPU.ActiveCfg = Debug|Any CPU
		{1116A82F-80BC-4C6F-9EB4-29B988158D88}.Debug|Any CPU.Build.0 = Debug|Any CPU
		{1116A82F-80BC-4C6F-9EB4-29B988158D88}.Release|Any CPU.ActiveCfg = Release|Any CPU
		{1116A82F-80BC-4C6F-9EB4-29B988158D88}.Release|Any CPU.Build.0 = Release|Any CPU
	EndGlobalSection
	GlobalSection(SolutionProperties) = preSolution
		HideSolutionNode = FALSE
	EndGlobalSection
	GlobalSection(ExtensibilityGlobals) = postSolution
		SolutionGuid = {97E744DA-23BC-4DFE-9E30-A9CF4DEBAE7E}
	EndGlobalSection
EndGlobal
